
Microsoft Visual Studio Solution File, Format Version 12.00
# Visual Studio Version 16
VisualStudioVersion = 16.0.30225.117
MinimumVisualStudioVersion = 10.0.40219.1
Project("{8BC9CEB8-8B4A-11D0-8D11-00A0C91BC942}") = "question1", "question1\question1.vcxproj", "{5AC5D5C6-6D73-4E16-B47A-9377495E23FD}"
EndProject
Global
	GlobalSection(SolutionConfigurationPlatforms) = preSolution
		Debug|x64 = Debug|x64
		Debug|x86 = Debug|x86
		Release|x64 = Release|x64
		Release|x86 = Release|x86
	EndGlobalSection
	GlobalSection(ProjectConfigurationPlatforms) = postSolution
		{5AC5D5C6-6D73-4E16-B47A-9377495E23FD}.Debug|x64.ActiveCfg = Debug|x64
		{5AC5D5C6-6D73-4E16-B47A-9377495E23FD}.Debug|x64.Build.0 = Debug|x64
		{5AC5D5C6-6D73-4E16-B47A-9377495E23FD}.Debug|x86.ActiveCfg = Debug|Win32
		{5AC5D5C6-6D73-4E16-B47A-9377495E23FD}.Debug|x86.Build.0 = Debug|Win32
		{5AC5D5C6-6D73-4E16-B47A-9377495E23FD}.Release|x64.ActiveCfg = Release|x64
		{5AC5D5C6-6D73-4E16-B47A-9377495E23FD}.Release|x64.Build.0 = Release|x64
		{5AC5D5C6-6D73-4E16-B47A-9377495E23FD}.Release|x86.ActiveCfg = Release|Win32
		{5AC5D5C6-6D73-4E16-B47A-9377495E23FD}.Release|x86.Build.0 = Release|Win32
	EndGlobalSection
	GlobalSection(SolutionProperties) = preSolution
		HideSolutionNode = FALSE
	EndGlobalSection
	GlobalSection(ExtensibilityGlobals) = postSolution
		SolutionGuid = {3F81AF13-7A0A-431B-90F6-0EE93F13D95E}
	EndGlobalSection
EndGlobal
